<?xml version="1.0" encoding="utf-8"?>
<Project ToolsVersion="4.0" xmlns="http://schemas.microsoft.com/developer/msbuild/2003">
  <ItemGroup>
    <Filter Include="Core">
      <UniqueIdentifier>{4FC737F1-C7A5-4376-A066-2A32D752A2FF}</UniqueIdentifier>
      <Extensions>cpp;c;cc;cxx;def;odl;idl;hpj;bat;asm;asmx</Extensions>
    </Filter>
    <Filter Include="Modules">
      <UniqueIdentifier>{93995380-89BD-4b04-88EB-625FBE52EBFB}</UniqueIdentifier>
      <Extensions>h;hh;hpp;hxx;hm;inl;inc;xsd</Extensions>
    </Filter>
    <Filter Include="Containers">
      <UniqueIdentifier>{78a7f487-1d77-4fdc-9f51-f067eccd6239}</UniqueIdentifier>
    </Filter>
    <Filter Include="Modules\Player">
      <UniqueIdentifier>{b4546b8d-f32e-4481-a3c8-a52cd56641e2}</UniqueIdentifier>
    </Filter>
    <Filter Include="Modules\Scenes">
      <UniqueIdentifier>{b386aaeb-7592-420e-9ec3-7633c0642b17}</UniqueIdentifier>
    </Filter>
    <Filter Include="Modules\Base">
      <UniqueIdentifier>{9c5b78c8-cfd5-48d3-ba16-040f0735fee2}</UniqueIdentifier>
    </Filter>
    <Filter Include="Modules\Enemies">
      <UniqueIdentifier>{e9ee09f8-e0dd-49b5-9e7e-dcc196f0a612}</UniqueIdentifier>
    </Filter>
    <Filter Include="Modules\Physics">
      <UniqueIdentifier>{1f756e8d-2fdf-4330-90a4-5041aa2dc787}</UniqueIdentifier>
    </Filter>
  </ItemGroup>
  <ItemGroup>
    <ClInclude Include="Module.h">
      <Filter>Modules</Filter>
    </ClInclude>
    <ClInclude Include="MemLeaks.h">
      <Filter>Core</Filter>
    </ClInclude>
    <ClInclude Include="Globals.h">
      <Filter>Core</Filter>
    </ClInclude>
    <ClInclude Include="Application.h">
      <Filter>Core</Filter>
    </ClInclude>
    <ClInclude Include="p2Point.h">
      <Filter>Containers</Filter>
    </ClInclude>
    <ClInclude Include="Animation.h">
      <Filter>Containers</Filter>
    </ClInclude>
    <ClInclude Include="ModulePlayer.h">
      <Filter>Modules\Player</Filter>
    </ClInclude>
    <ClInclude Include="ModuleGameOver.h">
      <Filter>Modules\Scenes</Filter>
    </ClInclude>
    <ClInclude Include="ModuleMainMenu.h">
      <Filter>Modules\Scenes</Filter>
    </ClInclude>
    <ClInclude Include="ModuleSceneLvl1.h">
      <Filter>Modules\Scenes</Filter>
    </ClInclude>
    <ClInclude Include="ModuleSceneLvl2.h">
      <Filter>Modules\Scenes</Filter>
    </ClInclude>
    <ClInclude Include="ModuleStageClear.h">
      <Filter>Modules\Scenes</Filter>
    </ClInclude>
    <ClInclude Include="ModuleWindow.h">
      <Filter>Modules\Base</Filter>
    </ClInclude>
    <ClInclude Include="ModuleRender.h">
      <Filter>Modules\Base</Filter>
    </ClInclude>
    <ClInclude Include="ModuleSound.h">
      <Filter>Modules\Base</Filter>
    </ClInclude>
    <ClInclude Include="ModuleTextures.h">
      <Filter>Modules\Base</Filter>
    </ClInclude>
    <ClInclude Include="ModuleFadeToBlack.h">
      <Filter>Modules\Base</Filter>
    </ClInclude>
    <ClInclude Include="ModuleInput.h">
      <Filter>Modules\Base</Filter>
    </ClInclude>
    <ClInclude Include="ModuleParticles.h">
      <Filter>Modules\Physics</Filter>
    </ClInclude>
    <ClInclude Include="ModuleCollision.h">
      <Filter>Modules\Physics</Filter>
    </ClInclude>
    <ClInclude Include="ModuleEnemies.h">
      <Filter>Modules\Enemies</Filter>
    </ClInclude>
    <ClInclude Include="ModulePlayer2.h">
      <Filter>Modules\Player</Filter>
    </ClInclude>
    <ClInclude Include="Enemy.h">
      <Filter>Modules\Enemies</Filter>
    </ClInclude>
    <ClInclude Include="EnemyWasp.h">
      <Filter>Modules\Enemies</Filter>
    </ClInclude>
    <ClInclude Include="EnemyRhino.h">
      <Filter>Modules\Enemies</Filter>
    </ClInclude>
    <ClInclude Include="ModulePowerUp.h">
      <Filter>Modules\Player</Filter>
    </ClInclude>
    <ClInclude Include="ModuleFonts.h">
      <Filter>Modules\Base</Filter>
    </ClInclude>
  </ItemGroup>
  <ItemGroup>
    <ClCompile Include="Main.cpp">
      <Filter>Core</Filter>
    </ClCompile>
    <ClCompile Include="Application.cpp">
      <Filter>Core</Filter>
    </ClCompile>
    <ClCompile Include="Globals.cpp">
      <Filter>Core</Filter>
    </ClCompile>
    <ClCompile Include="ModulePlayer.cpp">
      <Filter>Modules\Player</Filter>
    </ClCompile>
    <ClCompile Include="ModuleGameOver.cpp">
      <Filter>Modules\Scenes</Filter>
    </ClCompile>
    <ClCompile Include="ModuleMainMenu.cpp">
      <Filter>Modules\Scenes</Filter>
    </ClCompile>
    <ClCompile Include="ModuleSceneLvl1.cpp">
      <Filter>Modules\Scenes</Filter>
    </ClCompile>
    <ClCompile Include="ModuleSceneLvl2.cpp">
      <Filter>Modules\Scenes</Filter>
    </ClCompile>
    <ClCompile Include="ModuleStageClear.cpp">
      <Filter>Modules\Scenes</Filter>
    </ClCompile>
    <ClCompile Include="ModuleRender.cpp">
      <Filter>Modules\Base</Filter>
    </ClCompile>
    <ClCompile Include="ModuleSound.cpp">
      <Filter>Modules\Base</Filter>
    </ClCompile>
    <ClCompile Include="ModuleTextures.cpp">
      <Filter>Modules\Base</Filter>
    </ClCompile>
    <ClCompile Include="ModuleWindow.cpp">
      <Filter>Modules\Base</Filter>
    </ClCompile>
    <ClCompile Include="ModuleFadeToBlack.cpp">
      <Filter>Modules\Base</Filter>
    </ClCompile>
    <ClCompile Include="ModuleInput.cpp">
      <Filter>Modules\Base</Filter>
    </ClCompile>
    <ClCompile Include="ModuleCollision.cpp">
      <Filter>Modules\Physics</Filter>
    </ClCompile>
    <ClCompile Include="ModuleParticles.cpp">
      <Filter>Modules\Physics</Filter>
    </ClCompile>
    <ClCompile Include="ModuleEnemies.cpp">
      <Filter>Modules\Enemies</Filter>
    </ClCompile>
    <ClCompile Include="ModulePlayer2.cpp">
      <Filter>Modules\Player</Filter>
    </ClCompile>
    <ClCompile Include="Enemy.cpp">
      <Filter>Modules\Enemies</Filter>
    </ClCompile>
    <ClCompile Include="EnemyWasp.cpp">
      <Filter>Modules\Enemies</Filter>
    </ClCompile>
    <ClCompile Include="EnemyRhino.cpp">
      <Filter>Modules\Enemies</Filter>
    </ClCompile>
    <ClCompile Include="ModulePowerUp.cpp">
      <Filter>Modules\Player</Filter>
    </ClCompile>
    <ClCompile Include="ModuleFonts.cpp">
      <Filter>Modules\Base</Filter>
    </ClCompile>
  </ItemGroup>
</Project>