<?xml version="1.0" encoding="utf-8"?>
<Project ToolsVersion="4.0" xmlns="http://schemas.microsoft.com/developer/msbuild/2003">
  <ItemGroup>
    <ClCompile Include="Application.cpp">
      <Filter>Core</Filter>
    </ClCompile>
    <ClCompile Include="Globals.cpp">
      <Filter>Core</Filter>
    </ClCompile>
    <ClCompile Include="Main.cpp">
      <Filter>Core</Filter>
    </ClCompile>
    <ClCompile Include="Enemy.cpp">
      <Filter>Modules\Enemies</Filter>
    </ClCompile>
    <ClCompile Include="ModuleEnemies.cpp">
      <Filter>Modules\Enemies</Filter>
    </ClCompile>
    <ClCompile Include="CarsToFast.cpp">
      <Filter>Modules\Enemies\Cars</Filter>
    </ClCompile>
    <ClCompile Include="EnemyRhino.cpp">
      <Filter>Modules\Enemies\Rhino</Filter>
    </ClCompile>
    <ClCompile Include="EnemyWasp.cpp">
      <Filter>Modules\Enemies\Wasp</Filter>
    </ClCompile>
    <ClCompile Include="EnemyZicZac.cpp">
      <Filter>Modules\Enemies\ZigZag</Filter>
    </ClCompile>
    <ClCompile Include="EnemySuicide.cpp">
      <Filter>Modules\Enemies\Suicide</Filter>
    </ClCompile>
    <ClCompile Include="ModuleCollision.cpp">
      <Filter>Modules\Physics</Filter>
    </ClCompile>
    <ClCompile Include="ModuleParticles.cpp">
      <Filter>Modules\Physics</Filter>
    </ClCompile>
    <ClCompile Include="ModuleGameOver.cpp">
      <Filter>Modules\Scenes</Filter>
    </ClCompile>
    <ClCompile Include="ModuleMainMenu.cpp">
      <Filter>Modules\Scenes</Filter>
    </ClCompile>
    <ClCompile Include="ModuleSceneLvl1.cpp">
      <Filter>Modules\Scenes</Filter>
    </ClCompile>
    <ClCompile Include="ModuleStageClear.cpp">
      <Filter>Modules\Scenes</Filter>
    </ClCompile>
    <ClCompile Include="ModulePlayer2.cpp">
      <Filter>Modules\Player</Filter>
    </ClCompile>
    <ClCompile Include="ModulePlayer.cpp">
      <Filter>Modules\Player</Filter>
    </ClCompile>
    <ClCompile Include="ModuleFadeToBlack.cpp">
      <Filter>Modules\Base</Filter>
    </ClCompile>
    <ClCompile Include="ModuleFonts.cpp">
      <Filter>Modules\Base</Filter>
    </ClCompile>
    <ClCompile Include="ModuleInput.cpp">
      <Filter>Modules\Base</Filter>
    </ClCompile>
    <ClCompile Include="ModuleRender.cpp">
      <Filter>Modules\Base</Filter>
    </ClCompile>
    <ClCompile Include="ModuleSound.cpp">
      <Filter>Modules\Base</Filter>
    </ClCompile>
    <ClCompile Include="ModuleTextures.cpp">
      <Filter>Modules\Base</Filter>
    </ClCompile>
    <ClCompile Include="ModuleWindow.cpp">
      <Filter>Modules\Base</Filter>
    </ClCompile>
    <ClCompile Include="ModulePowerUp.cpp">
      <Filter>Modules\Physics</Filter>
    </ClCompile>
    <ClCompile Include="ModuleBossLvl1.cpp">
      <Filter>Modules\Enemies</Filter>
    </ClCompile>
  </ItemGroup>
  <ItemGroup>
    <ClInclude Include="Module.h" />
    <ClInclude Include="Animation.h">
      <Filter>Containers</Filter>
    </ClInclude>
    <ClInclude Include="p2Point.h">
      <Filter>Containers</Filter>
    </ClInclude>
    <ClInclude Include="Application.h">
      <Filter>Core</Filter>
    </ClInclude>
    <ClInclude Include="Globals.h">
      <Filter>Core</Filter>
    </ClInclude>
    <ClInclude Include="MemLeaks.h">
      <Filter>Core</Filter>
    </ClInclude>
    <ClInclude Include="Enemy.h">
      <Filter>Modules\Enemies</Filter>
    </ClInclude>
    <ClInclude Include="ModuleEnemies.h">
      <Filter>Modules\Enemies</Filter>
    </ClInclude>
    <ClInclude Include="CarsToFast.h">
      <Filter>Modules\Enemies\Cars</Filter>
    </ClInclude>
    <ClInclude Include="EnemyRhino.h">
      <Filter>Modules\Enemies\Rhino</Filter>
    </ClInclude>
    <ClInclude Include="EnemyWasp.h">
      <Filter>Modules\Enemies\Wasp</Filter>
    </ClInclude>
    <ClInclude Include="EnemyZicZac.h">
      <Filter>Modules\Enemies\ZigZag</Filter>
    </ClInclude>
    <ClInclude Include="EnemySuicide.h">
      <Filter>Modules\Enemies\Suicide</Filter>
    </ClInclude>
    <ClInclude Include="ModuleCollision.h">
      <Filter>Modules\Physics</Filter>
    </ClInclude>
    <ClInclude Include="ModuleParticles.h">
      <Filter>Modules\Physics</Filter>
    </ClInclude>
    <ClInclude Include="ModuleGameOver.h">
      <Filter>Modules\Scenes</Filter>
    </ClInclude>
    <ClInclude Include="ModuleMainMenu.h">
      <Filter>Modules\Scenes</Filter>
    </ClInclude>
    <ClInclude Include="ModuleSceneLvl1.h">
      <Filter>Modules\Scenes</Filter>
    </ClInclude>
    <ClInclude Include="ModuleStageClear.h">
      <Filter>Modules\Scenes</Filter>
    </ClInclude>
    <ClInclude Include="ModulePlayer2.h">
      <Filter>Modules\Player</Filter>
    </ClInclude>
    <ClInclude Include="ModulePlayer.h">
      <Filter>Modules\Player</Filter>
    </ClInclude>
    <ClInclude Include="ModuleFadeToBlack.h">
      <Filter>Modules\Base</Filter>
    </ClInclude>
    <ClInclude Include="ModuleFonts.h">
      <Filter>Modules\Base</Filter>
    </ClInclude>
    <ClInclude Include="ModuleInput.h">
      <Filter>Modules\Base</Filter>
    </ClInclude>
    <ClInclude Include="ModuleRender.h">
      <Filter>Modules\Base</Filter>
    </ClInclude>
    <ClInclude Include="ModuleSound.h">
      <Filter>Modules\Base</Filter>
    </ClInclude>
    <ClInclude Include="ModuleTextures.h">
      <Filter>Modules\Base</Filter>
    </ClInclude>
    <ClInclude Include="ModuleWindow.h">
      <Filter>Modules\Base</Filter>
    </ClInclude>
    <ClInclude Include="ModulePowerUp.h">
      <Filter>Modules\Physics</Filter>
    </ClInclude>
    <ClInclude Include="ModuleBossLvl1.h">
      <Filter>Modules\Enemies</Filter>
    </ClInclude>
  </ItemGroup>
  <ItemGroup>
    <Filter Include="Core">
      <UniqueIdentifier>{98a93524-b886-4c52-94cf-274ab0775d39}</UniqueIdentifier>
    </Filter>
    <Filter Include="Containers">
      <UniqueIdentifier>{05cd4e6f-11b0-44b2-80a2-62c5d9bc2897}</UniqueIdentifier>
    </Filter>
    <Filter Include="Modules">
      <UniqueIdentifier>{db2d6703-8928-4e6c-9e23-ff3dcee904b2}</UniqueIdentifier>
    </Filter>
    <Filter Include="Modules\Base">
      <UniqueIdentifier>{10b3c981-63d4-48cf-be02-8cff5a17ebb7}</UniqueIdentifier>
    </Filter>
    <Filter Include="Modules\Player">
      <UniqueIdentifier>{db5d2be6-8db5-458f-b4af-fb91aa0cae40}</UniqueIdentifier>
    </Filter>
    <Filter Include="Modules\Scenes">
      <UniqueIdentifier>{dda1ca69-2e3a-4c57-a71c-90aa2d34f16b}</UniqueIdentifier>
    </Filter>
    <Filter Include="Modules\Physics">
      <UniqueIdentifier>{b80b83e2-a36f-4ea3-9611-33a3b0d6dad3}</UniqueIdentifier>
    </Filter>
    <Filter Include="Modules\Enemies">
      <UniqueIdentifier>{af62a31f-64cc-4e2e-beb7-87f5f136d350}</UniqueIdentifier>
    </Filter>
    <Filter Include="Modules\Enemies\Cars">
      <UniqueIdentifier>{1694cf65-ad75-4a66-951a-cb447be3908f}</UniqueIdentifier>
    </Filter>
    <Filter Include="Modules\Enemies\Rhino">
      <UniqueIdentifier>{009b851a-cc9c-4ec3-a82b-6937805b7760}</UniqueIdentifier>
    </Filter>
    <Filter Include="Modules\Enemies\Wasp">
      <UniqueIdentifier>{3d8d946b-cd65-4340-a0b6-e0a75d4280e7}</UniqueIdentifier>
    </Filter>
    <Filter Include="Modules\Enemies\ZigZag">
      <UniqueIdentifier>{fb8cc729-7ca0-4707-8598-4dbd2704a342}</UniqueIdentifier>
    </Filter>
    <Filter Include="Modules\Enemies\Suicide">
      <UniqueIdentifier>{10cda0ec-661b-4ffd-a5c7-d2c83481c544}</UniqueIdentifier>
    </Filter>
  </ItemGroup>
</Project>